PODS:
  - FlutterMacOS (1.0.0)
  - rhttp (0.0.1):
    - FlutterMacOS

DEPENDENCIES:
  - FlutterMacOS (from `Flutter/ephemeral`)
  - rhttp (from `Flutter/ephemeral/.symlinks/plugins/rhttp/macos`)

EXTERNAL SOURCES:
  FlutterMacOS:
    :path: Flutter/ephemeral
  rhttp:
    :path: Flutter/ephemeral/.symlinks/plugins/rhttp/macos

SPEC CHECKSUMS:
  FlutterMacOS: c232990155153907050900a2e175c7773903ba4e
  rhttp: 08d791d6373089de796318f4cfb172cbcf34e78b

PODFILE CHECKSUM: f0c21717cb7ee9112f915044c74bfceb5b12e02a

COCOAPODS: 1.17.0
